
Microsoft Visual Studio Solution File, Format Version 12.00
# Visual Studio 15
VisualStudioVersion = 15.0.28307.168
MinimumVisualStudioVersion = 10.0.40219.1
Project("{FAE04EC0-301F-11D3-BF4B-00C04F79EFBC}") = "BLL", "BLL\BLL.csproj", "{C21EE5D0-9CE8-45F8-BE0E-11ABA7F51E89}"
EndProject
Project("{FAE04EC0-301F-11D3-BF4B-00C04F79EFBC}") = "API", "API\API.csproj", "{4593FB63-0EBB-437F-9F9D-CA56F94CACC6}"
EndProject
Global
	GlobalSection(SolutionConfigurationPlatforms) = preSolution
		Debug|Any CPU = Debug|Any CPU
		Release|Any CPU = Release|Any CPU
	EndGlobalSection
	GlobalSection(ProjectConfigurationPlatforms) = postSolution
		{C21EE5D0-9CE8-45F8-BE0E-11ABA7F51E89}.Debug|Any CPU.ActiveCfg = Debug|Any CPU
		{C21EE5D0-9CE8-45F8-BE0E-11ABA7F51E89}.Debug|Any CPU.Build.0 = Debug|Any CPU
		{C21EE5D0-9CE8-45F8-BE0E-11ABA7F51E89}.Release|Any CPU.ActiveCfg = Release|Any CPU
		{C21EE5D0-9CE8-45F8-BE0E-11ABA7F51E89}.Release|Any CPU.Build.0 = Release|Any CPU
		{4593FB63-0EBB-437F-9F9D-CA56F94CACC6}.Debug|Any CPU.ActiveCfg = Debug|Any CPU
		{4593FB63-0EBB-437F-9F9D-CA56F94CACC6}.Debug|Any CPU.Build.0 = Debug|Any CPU
		{4593FB63-0EBB-437F-9F9D-CA56F94CACC6}.Release|Any CPU.ActiveCfg = Release|Any CPU
		{4593FB63-0EBB-437F-9F9D-CA56F94CACC6}.Release|Any CPU.Build.0 = Release|Any CPU
	EndGlobalSection
	GlobalSection(SolutionProperties) = preSolution
		HideSolutionNode = FALSE
	EndGlobalSection
	GlobalSection(ExtensibilityGlobals) = postSolution
		SolutionGuid = {A4A4F53D-C909-44A4-A2EC-6DA3A994900D}
	EndGlobalSection
EndGlobal
